
Microsoft Visual Studio Solution File, Format Version 12.00
# Visual Studio Version 17
VisualStudioVersion = 17.11.35222.181
MinimumVisualStudioVersion = 10.0.40219.1
Project("{FAE04EC0-301F-11D3-BF4B-00C04F79EFBC}") = "BackendTest", "BackendTest\BackendTest.csproj", "{5161A6E2-6939-4FDC-A01E-09171C0F1531}"
EndProject
Global
	GlobalSection(SolutionConfigurationPlatforms) = preSolution
		Debug|Any CPU = Debug|Any CPU
		Release|Any CPU = Release|Any CPU
	EndGlobalSection
	GlobalSection(ProjectConfigurationPlatforms) = postSolution
		{5161A6E2-6939-4FDC-A01E-09171C0F1531}.Debug|Any CPU.ActiveCfg = Debug|Any CPU
		{5161A6E2-6939-4FDC-A01E-09171C0F1531}.Debug|Any CPU.Build.0 = Debug|Any CPU
		{5161A6E2-6939-4FDC-A01E-09171C0F1531}.Release|Any CPU.ActiveCfg = Release|Any CPU
		{5161A6E2-6939-4FDC-A01E-09171C0F1531}.Release|Any CPU.Build.0 = Release|Any CPU
	EndGlobalSection
	GlobalSection(SolutionProperties) = preSolution
		HideSolutionNode = FALSE
	EndGlobalSection
	GlobalSection(ExtensibilityGlobals) = postSolution
		SolutionGuid = {B1BA56F4-2A9B-4726-8529-9C0FD310E28E}
	EndGlobalSection
EndGlobal
